
Microsoft Visual Studio Solution File, Format Version 12.00
# Visual Studio Version 16
VisualStudioVersion = 16.0.30320.27
MinimumVisualStudioVersion = 10.0.40219.1
Project("{888888A0-9F3D-457C-B088-3A5042F75D52}") = "MedAskBot", "MedAskBot\MedAskBot.pyproj", "{48D724DD-9646-4E3E-A260-583183954D3F}"
EndProject
Global
	GlobalSection(SolutionConfigurationPlatforms) = preSolution
		Debug|Any CPU = Debug|Any CPU
		Release|Any CPU = Release|Any CPU
	EndGlobalSection
	GlobalSection(ProjectConfigurationPlatforms) = postSolution
		{48D724DD-9646-4E3E-A260-583183954D3F}.Debug|Any CPU.ActiveCfg = Debug|Any CPU
		{48D724DD-9646-4E3E-A260-583183954D3F}.Debug|Any CPU.Build.0 = Debug|Any CPU
		{48D724DD-9646-4E3E-A260-583183954D3F}.Release|Any CPU.ActiveCfg = Release|Any CPU
		{48D724DD-9646-4E3E-A260-583183954D3F}.Release|Any CPU.Build.0 = Release|Any CPU
	EndGlobalSection
	GlobalSection(SolutionProperties) = preSolution
		HideSolutionNode = FALSE
	EndGlobalSection
	GlobalSection(ExtensibilityGlobals) = postSolution
		SolutionGuid = {8FCB683E-6999-42E3-BE54-08EB1FD26E28}
	EndGlobalSection
EndGlobal
